
Microsoft Visual Studio Solution File, Format Version 12.00
# Visual Studio Version 17
VisualStudioVersion = 17.8.34322.80
MinimumVisualStudioVersion = 10.0.40219.1
Project("{FAE04EC0-301F-11D3-BF4B-00C04F79EFBC}") = "Fakebook.Server", "FormBuilderAndRenderer.Server\Fakebook.Server.csproj", "{D023F370-5097-4A33-8273-F39C357808BE}"
EndProject
Project("{54A90642-561A-4BB1-A94E-469ADEE60C69}") = "fakebook.client", "formbuilderandrenderer.client\fakebook.client.esproj", "{004F34EA-3D78-46C0-824F-CD4C717FFD7C}"
EndProject
Global
	GlobalSection(SolutionConfigurationPlatforms) = preSolution
		Debug|Any CPU = Debug|Any CPU
		Release|Any CPU = Release|Any CPU
	EndGlobalSection
	GlobalSection(ProjectConfigurationPlatforms) = postSolution
		{D023F370-5097-4A33-8273-F39C357808BE}.Debug|Any CPU.ActiveCfg = Debug|Any CPU
		{D023F370-5097-4A33-8273-F39C357808BE}.Debug|Any CPU.Build.0 = Debug|Any CPU
		{D023F370-5097-4A33-8273-F39C357808BE}.Release|Any CPU.ActiveCfg = Release|Any CPU
		{D023F370-5097-4A33-8273-F39C357808BE}.Release|Any CPU.Build.0 = Release|Any CPU
		{004F34EA-3D78-46C0-824F-CD4C717FFD7C}.Debug|Any CPU.ActiveCfg = Debug|Any CPU
		{004F34EA-3D78-46C0-824F-CD4C717FFD7C}.Debug|Any CPU.Build.0 = Debug|Any CPU
		{004F34EA-3D78-46C0-824F-CD4C717FFD7C}.Debug|Any CPU.Deploy.0 = Debug|Any CPU
		{004F34EA-3D78-46C0-824F-CD4C717FFD7C}.Release|Any CPU.ActiveCfg = Release|Any CPU
		{004F34EA-3D78-46C0-824F-CD4C717FFD7C}.Release|Any CPU.Build.0 = Release|Any CPU
		{004F34EA-3D78-46C0-824F-CD4C717FFD7C}.Release|Any CPU.Deploy.0 = Release|Any CPU
	EndGlobalSection
	GlobalSection(SolutionProperties) = preSolution
		HideSolutionNode = FALSE
	EndGlobalSection
	GlobalSection(ExtensibilityGlobals) = postSolution
		SolutionGuid = {45E2B7C8-EAC7-41F1-8424-B8967F452740}
	EndGlobalSection
EndGlobal
